
Microsoft Visual Studio Solution File, Format Version 12.00
# Visual Studio Version 16
VisualStudioVersion = 16.0.30711.63
MinimumVisualStudioVersion = 10.0.40219.1
Project("{FAE04EC0-301F-11D3-BF4B-00C04F79EFBC}") = "OsuMapDownloader", "OsuMapDownloader\OsuMapDownloader.csproj", "{BBC42515-B467-4528-BA5C-842C1686B1BB}"
EndProject
Global
	GlobalSection(SolutionConfigurationPlatforms) = preSolution
		Debug|Any CPU = Debug|Any CPU
		Release|Any CPU = Release|Any CPU
	EndGlobalSection
	GlobalSection(ProjectConfigurationPlatforms) = postSolution
		{BBC42515-B467-4528-BA5C-842C1686B1BB}.Debug|Any CPU.ActiveCfg = Debug|Any CPU
		{BBC42515-B467-4528-BA5C-842C1686B1BB}.Debug|Any CPU.Build.0 = Debug|Any CPU
		{BBC42515-B467-4528-BA5C-842C1686B1BB}.Release|Any CPU.ActiveCfg = Release|Any CPU
		{BBC42515-B467-4528-BA5C-842C1686B1BB}.Release|Any CPU.Build.0 = Release|Any CPU
	EndGlobalSection
	GlobalSection(SolutionProperties) = preSolution
		HideSolutionNode = FALSE
	EndGlobalSection
	GlobalSection(ExtensibilityGlobals) = postSolution
		SolutionGuid = {CDFF7C19-608E-41F3-A074-517B6FADC22F}
	EndGlobalSection
EndGlobal
